
Microsoft Visual Studio Solution File, Format Version 12.00
# Visual Studio Version 17
VisualStudioVersion = 17.3.32929.385
MinimumVisualStudioVersion = 10.0.40219.1
Project("{FAE04EC0-301F-11D3-BF4B-00C04F79EFBC}") = "ConsoleAppMail", "ConsoleAppMail\ConsoleAppMail.csproj", "{4059CAF4-6897-474B-8527-7E446C7EC8CA}"
EndProject
Global
	GlobalSection(SolutionConfigurationPlatforms) = preSolution
		Debug|Any CPU = Debug|Any CPU
		Release|Any CPU = Release|Any CPU
	EndGlobalSection
	GlobalSection(ProjectConfigurationPlatforms) = postSolution
		{4059CAF4-6897-474B-8527-7E446C7EC8CA}.Debug|Any CPU.ActiveCfg = Debug|Any CPU
		{4059CAF4-6897-474B-8527-7E446C7EC8CA}.Debug|Any CPU.Build.0 = Debug|Any CPU
		{4059CAF4-6897-474B-8527-7E446C7EC8CA}.Release|Any CPU.ActiveCfg = Release|Any CPU
		{4059CAF4-6897-474B-8527-7E446C7EC8CA}.Release|Any CPU.Build.0 = Release|Any CPU
	EndGlobalSection
	GlobalSection(SolutionProperties) = preSolution
		HideSolutionNode = FALSE
	EndGlobalSection
	GlobalSection(ExtensibilityGlobals) = postSolution
		SolutionGuid = {4BB05992-4149-4EDA-83CF-14974ECB0DDE}
	EndGlobalSection
EndGlobal
